// !$*UTF8*$!
{
	archiveVersion = 1;
	classes = {
	};
	objectVersion = 50;
	objects = {

/* Begin PBXBuildFile section */
		5210399724C4D673004560FD /* SelectIssueViewController.swift in Sources */ = {isa = PBXBuildFile; fileRef = 5210399624C4D673004560FD /* SelectIssueViewController.swift */; };
		5210399924C4D688004560FD /* SelectIssueViewModel.swift in Sources */ = {isa = PBXBuildFile; fileRef = 5210399824C4D688004560FD /* SelectIssueViewModel.swift */; };
		5211B9E824BEE0B000D4FA5E /* ChooseViewModel.swift in Sources */ = {isa = PBXBuildFile; fileRef = 5211B9E724BEE0B000D4FA5E /* ChooseViewModel.swift */; };
		521E649924F8433D00FF96ED /* Localizable.strings in Resources */ = {isa = PBXBuildFile; fileRef = 521E649B24F8433D00FF96ED /* Localizable.strings */; };
		521E64AA24F8480600FF96ED /* sf-ui-display-regular.ttf in Resources */ = {isa = PBXBuildFile; fileRef = 521E64A924F8480600FF96ED /* sf-ui-display-regular.ttf */; };
		521E64B124F849CC00FF96ED /* Saira-Light.ttf in Resources */ = {isa = PBXBuildFile; fileRef = 521E64AD24F849CC00FF96ED /* Saira-Light.ttf */; };
		521E64B224F849CC00FF96ED /* Saira-Regular.ttf in Resources */ = {isa = PBXBuildFile; fileRef = 521E64AE24F849CC00FF96ED /* Saira-Regular.ttf */; };
		521E64B324F849CC00FF96ED /* Saira-Bold.ttf in Resources */ = {isa = PBXBuildFile; fileRef = 521E64AF24F849CC00FF96ED /* Saira-Bold.ttf */; };
		521E64B624F84B0200FF96ED /* FontHelper.swift in Sources */ = {isa = PBXBuildFile; fileRef = 521E64B524F84B0200FF96ED /* FontHelper.swift */; };
		521E64C224F8F7EA00FF96ED /* Default-568h@2x.png in Resources */ = {isa = PBXBuildFile; fileRef = 521E64C124F8F7EA00FF96ED /* Default-568h@2x.png */; };
		521E64C524F8FB6A00FF96ED /* LaunchScreen.storyboard in Resources */ = {isa = PBXBuildFile; fileRef = 521E64C324F8FB6A00FF96ED /* LaunchScreen.storyboard */; };
		521E64CF24FBCF0E00FF96ED /* UIScreen+iPhoneType.swift in Sources */ = {isa = PBXBuildFile; fileRef = 521E64CE24FBCF0E00FF96ED /* UIScreen+iPhoneType.swift */; };
		52212F8324FFDD24003FA67E /* ForgotPasswordViewController.swift in Sources */ = {isa = PBXBuildFile; fileRef = 52212F8224FFDD24003FA67E /* ForgotPasswordViewController.swift */; };
		52212F8524FFDD41003FA67E /* ForgotPasswordViewModel.swift in Sources */ = {isa = PBXBuildFile; fileRef = 52212F8424FFDD41003FA67E /* ForgotPasswordViewModel.swift */; };
		522272C42504BF6C0029A4E2 /* FilterButtonView.swift in Sources */ = {isa = PBXBuildFile; fileRef = 522272C32504BF6C0029A4E2 /* FilterButtonView.swift */; };
		522272D82504C54D0029A4E2 /* CoreDataManager.swift in Sources */ = {isa = PBXBuildFile; fileRef = 522272D72504C54D0029A4E2 /* CoreDataManager.swift */; };
		522272DD2504C6B20029A4E2 /* LocalStorageService.swift in Sources */ = {isa = PBXBuildFile; fileRef = 522272DC2504C6B20029A4E2 /* LocalStorageService.swift */; };
		522272E42504C9470029A4E2 /* GuardDataModel.xcdatamodeld in Sources */ = {isa = PBXBuildFile; fileRef = 522272E22504C9470029A4E2 /* GuardDataModel.xcdatamodeld */; };
		5222B68624C75609000BEE13 /* UITableViewCell+Identifier.swift in Sources */ = {isa = PBXBuildFile; fileRef = 5222B68524C75609000BEE13 /* UITableViewCell+Identifier.swift */; };
		5222B68824C7594C000BEE13 /* Differentiator.framework in Frameworks */ = {isa = PBXBuildFile; fileRef = 5222B68724C7594C000BEE13 /* Differentiator.framework */; };
		5222B68924C7594C000BEE13 /* Differentiator.framework in Embed Frameworks */ = {isa = PBXBuildFile; fileRef = 5222B68724C7594C000BEE13 /* Differentiator.framework */; settings = {ATTRIBUTES = (CodeSignOnCopy, RemoveHeadersOnCopy, ); }; };
		5222B68C24C75AB3000BEE13 /* SelectIssueTableViewCell.swift in Sources */ = {isa = PBXBuildFile; fileRef = 5222B68B24C75AB3000BEE13 /* SelectIssueTableViewCell.swift */; };
		5222B68E24C75DC2000BEE13 /* SelectIssueCellViewModel.swift in Sources */ = {isa = PBXBuildFile; fileRef = 5222B68D24C75DC2000BEE13 /* SelectIssueCellViewModel.swift */; };
		5222B69124C7616F000BEE13 /* SelectIssueDataSource.swift in Sources */ = {isa = PBXBuildFile; fileRef = 5222B69024C7616F000BEE13 /* SelectIssueDataSource.swift */; };
		5222B69424C761C3000BEE13 /* TableViewItem.swift in Sources */ = {isa = PBXBuildFile; fileRef = 5222B69324C761C3000BEE13 /* TableViewItem.swift */; };
		5222B69624C761D6000BEE13 /* TableViewSection.swift in Sources */ = {isa = PBXBuildFile; fileRef = 5222B69524C761D6000BEE13 /* TableViewSection.swift */; };
		5235F287250CB6EA00639FC4 /* AppealCreatingViewController.swift in Sources */ = {isa = PBXBuildFile; fileRef = 5235F286250CB6EA00639FC4 /* AppealCreatingViewController.swift */; };
		5235F289250CB7A400639FC4 /* AppealCreatingViewModel.swift in Sources */ = {isa = PBXBuildFile; fileRef = 5235F288250CB7A400639FC4 /* AppealCreatingViewModel.swift */; };
		523A67BE24C2C6FB0008E8AF /* RxDataSources.framework in Frameworks */ = {isa = PBXBuildFile; fileRef = 523A67BD24C2C6FA0008E8AF /* RxDataSources.framework */; };
		523A67BF24C2C6FB0008E8AF /* RxDataSources.framework in Embed Frameworks */ = {isa = PBXBuildFile; fileRef = 523A67BD24C2C6FA0008E8AF /* RxDataSources.framework */; settings = {ATTRIBUTES = (CodeSignOnCopy, RemoveHeadersOnCopy, ); }; };
		523FF71624BD7EAB00C4F959 /* RegistrationViewModel.swift in Sources */ = {isa = PBXBuildFile; fileRef = 523FF71524BD7EAB00C4F959 /* RegistrationViewModel.swift */; };
		523FF71924BD970A00C4F959 /* BackButtonView.swift in Sources */ = {isa = PBXBuildFile; fileRef = 523FF71824BD970A00C4F959 /* BackButtonView.swift */; };
		52483B9524A2774E0003A56A /* AppDelegate.swift in Sources */ = {isa = PBXBuildFile; fileRef = 52483B9424A2774E0003A56A /* AppDelegate.swift */; };
		52483B9E24A2774F0003A56A /* Assets.xcassets in Resources */ = {isa = PBXBuildFile; fileRef = 52483B9D24A2774F0003A56A /* Assets.xcassets */; };
		52483BB324A279E40003A56A /* BaseCoordinator.swift in Sources */ = {isa = PBXBuildFile; fileRef = 52483BB224A279E40003A56A /* BaseCoordinator.swift */; };
		52483BB524A279FC0003A56A /* ApplicationCoordinator.swift in Sources */ = {isa = PBXBuildFile; fileRef = 52483BB424A279FC0003A56A /* ApplicationCoordinator.swift */; };
		52483BB724A27A120003A56A /* MainCoordinator.swift in Sources */ = {isa = PBXBuildFile; fileRef = 52483BB624A27A120003A56A /* MainCoordinator.swift */; };
		5251AFA324A281F100467E84 /* Alamofire.framework in Frameworks */ = {isa = PBXBuildFile; fileRef = 5251AFA124A281F100467E84 /* Alamofire.framework */; };
		5251AFA424A281F100467E84 /* Alamofire.framework in Embed Frameworks */ = {isa = PBXBuildFile; fileRef = 5251AFA124A281F100467E84 /* Alamofire.framework */; settings = {ATTRIBUTES = (CodeSignOnCopy, RemoveHeadersOnCopy, ); }; };
		5251AFA524A281F100467E84 /* SnapKit.framework in Frameworks */ = {isa = PBXBuildFile; fileRef = 5251AFA224A281F100467E84 /* SnapKit.framework */; };
		5251AFA624A281F100467E84 /* SnapKit.framework in Embed Frameworks */ = {isa = PBXBuildFile; fileRef = 5251AFA224A281F100467E84 /* SnapKit.framework */; settings = {ATTRIBUTES = (CodeSignOnCopy, RemoveHeadersOnCopy, ); }; };
		5251AFAA24A2823200467E84 /* AuthViewController.swift in Sources */ = {isa = PBXBuildFile; fileRef = 5251AFA924A2823200467E84 /* AuthViewController.swift */; };
		5251AFB024A2829200467E84 /* Colors.swift in Sources */ = {isa = PBXBuildFile; fileRef = 5251AFAF24A2829200467E84 /* Colors.swift */; };
		5251AFB224A2837D00467E84 /* AuthCoordinator.swift in Sources */ = {isa = PBXBuildFile; fileRef = 5251AFB124A2837D00467E84 /* AuthCoordinator.swift */; };
		5251AFB424A283B000467E84 /* Constants.swift in Sources */ = {isa = PBXBuildFile; fileRef = 5251AFB324A283B000467E84 /* Constants.swift */; };
		5251AFB724A2853A00467E84 /* NavigationController.swift in Sources */ = {isa = PBXBuildFile; fileRef = 5251AFB624A2853A00467E84 /* NavigationController.swift */; };
		5251AFBA24A287CB00467E84 /* TextField.swift in Sources */ = {isa = PBXBuildFile; fileRef = 5251AFB924A287CB00467E84 /* TextField.swift */; };
		5251AFBD24A28B2100467E84 /* ConfirmButton.swift in Sources */ = {isa = PBXBuildFile; fileRef = 5251AFBC24A28B2100467E84 /* ConfirmButton.swift */; };
		5251AFC224A28FBC00467E84 /* String+Localizable.swift in Sources */ = {isa = PBXBuildFile; fileRef = 5251AFC124A28FBC00467E84 /* String+Localizable.swift */; };
		52524E6124FED0E30078AA62 /* SkipButtonView.swift in Sources */ = {isa = PBXBuildFile; fileRef = 52524E6024FED0E30078AA62 /* SkipButtonView.swift */; };
		5253753124B84CFC00CC729C /* ChooseCoordinator.swift in Sources */ = {isa = PBXBuildFile; fileRef = 5253753024B84CFC00CC729C /* ChooseCoordinator.swift */; };
		5253753324B84D5200CC729C /* ChooseViewController.swift in Sources */ = {isa = PBXBuildFile; fileRef = 5253753224B84D5200CC729C /* ChooseViewController.swift */; };
		5253753724B84F0200CC729C /* UserProfile.swift in Sources */ = {isa = PBXBuildFile; fileRef = 5253753624B84F0200CC729C /* UserProfile.swift */; };
		52597DC524BB8FC9005A922F /* RxGesture.framework in Frameworks */ = {isa = PBXBuildFile; fileRef = 52597DC424BB8FC9005A922F /* RxGesture.framework */; };
		52597DC624BB8FC9005A922F /* RxGesture.framework in Embed Frameworks */ = {isa = PBXBuildFile; fileRef = 52597DC424BB8FC9005A922F /* RxGesture.framework */; settings = {ATTRIBUTES = (CodeSignOnCopy, RemoveHeadersOnCopy, ); }; };
		525BFA6925097405005393B1 /* sf-ui-display-light.ttf in Resources */ = {isa = PBXBuildFile; fileRef = 525BFA6825097402005393B1 /* sf-ui-display-light.ttf */; };
		525BFA6B250A0279005393B1 /* ClientAppealDataSource.swift in Sources */ = {isa = PBXBuildFile; fileRef = 525BFA6A250A0279005393B1 /* ClientAppealDataSource.swift */; };
		525BFA74250A0723005393B1 /* Date+TimeStamp.swift in Sources */ = {isa = PBXBuildFile; fileRef = 525BFA73250A0723005393B1 /* Date+TimeStamp.swift */; };
		525BFA77250A080D005393B1 /* ClientAppealObject+CoreDataClass.swift in Sources */ = {isa = PBXBuildFile; fileRef = 525BFA75250A080D005393B1 /* ClientAppealObject+CoreDataClass.swift */; };
		525BFA78250A080D005393B1 /* ClientAppealObject+CoreDataProperties.swift in Sources */ = {isa = PBXBuildFile; fileRef = 525BFA76250A080D005393B1 /* ClientAppealObject+CoreDataProperties.swift */; };
		52760C4A2501731C00080152 /* LawyersListViewController.swift in Sources */ = {isa = PBXBuildFile; fileRef = 52760C492501731C00080152 /* LawyersListViewController.swift */; };
		52760C4C2501736600080152 /* LawyersListViewModel.swift in Sources */ = {isa = PBXBuildFile; fileRef = 52760C4B2501736600080152 /* LawyersListViewModel.swift */; };
		527880CE25080FB800EB2B9B /* UserProfileObject+CoreDataClass.swift in Sources */ = {isa = PBXBuildFile; fileRef = 527880CC25080FB800EB2B9B /* UserProfileObject+CoreDataClass.swift */; };
		527880CF25080FB800EB2B9B /* UserProfileObject+CoreDataProperties.swift in Sources */ = {isa = PBXBuildFile; fileRef = 527880CD25080FB800EB2B9B /* UserProfileObject+CoreDataProperties.swift */; };
		527880D22508141800EB2B9B /* sf-ui-display-medium.ttf in Resources */ = {isa = PBXBuildFile; fileRef = 527880D0250812B200EB2B9B /* sf-ui-display-medium.ttf */; };
		527880D32508141B00EB2B9B /* sf-ui-display-bold.ttf in Resources */ = {isa = PBXBuildFile; fileRef = 527880D12508130700EB2B9B /* sf-ui-display-bold.ttf */; };
		52901BE82501002400271CAC /* ClientIssue.swift in Sources */ = {isa = PBXBuildFile; fileRef = 52901BE72501002400271CAC /* ClientIssue.swift */; };
		52A271B02508E45A0050FB60 /* Saira-Medium.ttf in Resources */ = {isa = PBXBuildFile; fileRef = 52A271AF2508E44C0050FB60 /* Saira-Medium.ttf */; };
		52A271B22508E4970050FB60 /* Saira-SemiBold.ttf in Resources */ = {isa = PBXBuildFile; fileRef = 52A271B12508E4940050FB60 /* Saira-SemiBold.ttf */; };
		52A271B52508ED230050FB60 /* ClientAppealsListViewController.swift in Sources */ = {isa = PBXBuildFile; fileRef = 52A271B42508ED230050FB60 /* ClientAppealsListViewController.swift */; };
		52A271B72508F0690050FB60 /* ClientAppealsListViewModel.swift in Sources */ = {isa = PBXBuildFile; fileRef = 52A271B62508F0690050FB60 /* ClientAppealsListViewModel.swift */; };
		52A271B92508F27A0050FB60 /* AddButtonView.swift in Sources */ = {isa = PBXBuildFile; fileRef = 52A271B82508F27A0050FB60 /* AddButtonView.swift */; };
		52A271BE2508F94A0050FB60 /* ClientAppealCell.swift in Sources */ = {isa = PBXBuildFile; fileRef = 52A271BD2508F94A0050FB60 /* ClientAppealCell.swift */; };
		52A271C02508F9AC0050FB60 /* ClientAppealCellViewModel.swift in Sources */ = {isa = PBXBuildFile; fileRef = 52A271BF2508F9AC0050FB60 /* ClientAppealCellViewModel.swift */; };
		52A271C22508FA4E0050FB60 /* ClientAppeal.swift in Sources */ = {isa = PBXBuildFile; fileRef = 52A271C12508FA4E0050FB60 /* ClientAppeal.swift */; };
		52AF28E62506145D00287A8F /* LawyerCell.swift in Sources */ = {isa = PBXBuildFile; fileRef = 52AF28E52506145D00287A8F /* LawyerCell.swift */; };
		52AF28E82506168B00287A8F /* LawyerCellViewModel.swift in Sources */ = {isa = PBXBuildFile; fileRef = 52AF28E72506168B00287A8F /* LawyerCellViewModel.swift */; };
		52AF28EB2506195800287A8F /* LawyersListDataSource.swift in Sources */ = {isa = PBXBuildFile; fileRef = 52AF28EA2506195800287A8F /* LawyersListDataSource.swift */; };
		52B278C824C09621001E7295 /* Dependencies.swift in Sources */ = {isa = PBXBuildFile; fileRef = 52B278C724C09621001E7295 /* Dependencies.swift */; };
		52B278CA24C0964F001E7295 /* LocationService.swift in Sources */ = {isa = PBXBuildFile; fileRef = 52B278C924C0964F001E7295 /* LocationService.swift */; };
		52C5F4C424C9D90D00FB2DA8 /* ProfileViewController.swift in Sources */ = {isa = PBXBuildFile; fileRef = 52C5F4C324C9D90D00FB2DA8 /* ProfileViewController.swift */; };
		52C5F4C624C9D92200FB2DA8 /* ProfileViewModel.swift in Sources */ = {isa = PBXBuildFile; fileRef = 52C5F4C524C9D92200FB2DA8 /* ProfileViewModel.swift */; };
		52E3D4E324C8AB4200FD67C9 /* TabBarController.swift in Sources */ = {isa = PBXBuildFile; fileRef = 52E3D4E224C8AB4200FD67C9 /* TabBarController.swift */; };
		52EB81BD24B9DCCE003285BC /* RegistrationCoordinator.swift in Sources */ = {isa = PBXBuildFile; fileRef = 52EB81BC24B9DCCE003285BC /* RegistrationCoordinator.swift */; };
		52EB81C024B9DD72003285BC /* RegistrationViewController.swift in Sources */ = {isa = PBXBuildFile; fileRef = 52EB81BF24B9DD72003285BC /* RegistrationViewController.swift */; };
		52EB81C324B9E7E5003285BC /* ViewModel.swift in Sources */ = {isa = PBXBuildFile; fileRef = 52EB81C224B9E7E5003285BC /* ViewModel.swift */; };
		52EB81C524B9E820003285BC /* AuthViewModel.swift in Sources */ = {isa = PBXBuildFile; fileRef = 52EB81C424B9E820003285BC /* AuthViewModel.swift */; };
		52EB81C724B9E882003285BC /* ViewControllerProtocol.swift in Sources */ = {isa = PBXBuildFile; fileRef = 52EB81C624B9E882003285BC /* ViewControllerProtocol.swift */; };
		52EB81C924B9ECE0003285BC /* RxCocoa.framework in Frameworks */ = {isa = PBXBuildFile; fileRef = 52EB81C824B9ECDF003285BC /* RxCocoa.framework */; };
		52EB81CA24B9ECE0003285BC /* RxCocoa.framework in Embed Frameworks */ = {isa = PBXBuildFile; fileRef = 52EB81C824B9ECDF003285BC /* RxCocoa.framework */; settings = {ATTRIBUTES = (CodeSignOnCopy, RemoveHeadersOnCopy, ); }; };
		52EB81CC24B9ECE4003285BC /* RxSwift.framework in Frameworks */ = {isa = PBXBuildFile; fileRef = 52EB81CB24B9ECE4003285BC /* RxSwift.framework */; };
		52EB81CD24B9ECE4003285BC /* RxSwift.framework in Embed Frameworks */ = {isa = PBXBuildFile; fileRef = 52EB81CB24B9ECE4003285BC /* RxSwift.framework */; settings = {ATTRIBUTES = (CodeSignOnCopy, RemoveHeadersOnCopy, ); }; };
		52EB81CF24B9ED02003285BC /* RxRelay.framework in Frameworks */ = {isa = PBXBuildFile; fileRef = 52EB81CE24B9ED02003285BC /* RxRelay.framework */; };
		52EB81D024B9ED02003285BC /* RxRelay.framework in Embed Frameworks */ = {isa = PBXBuildFile; fileRef = 52EB81CE24B9ED02003285BC /* RxRelay.framework */; settings = {ATTRIBUTES = (CodeSignOnCopy, RemoveHeadersOnCopy, ); }; };
		52EB81D324B9F245003285BC /* String+withoutExtraSpaces.swift in Sources */ = {isa = PBXBuildFile; fileRef = 52EB81D224B9F245003285BC /* String+withoutExtraSpaces.swift */; };
		52EB81D524B9F2D1003285BC /* String+isvalidEmail.swift in Sources */ = {isa = PBXBuildFile; fileRef = 52EB81D424B9F2D1003285BC /* String+isvalidEmail.swift */; };
		52FFF4A5250B85D100957356 /* ClientAppealsListRouter.swift in Sources */ = {isa = PBXBuildFile; fileRef = 52FFF4A4250B85D100957356 /* ClientAppealsListRouter.swift */; };
		52FFF4A7250B873800957356 /* ClientAppealsListModuleFactory.swift in Sources */ = {isa = PBXBuildFile; fileRef = 52FFF4A6250B873800957356 /* ClientAppealsListModuleFactory.swift */; };
/* End PBXBuildFile section */

/* Begin PBXCopyFilesBuildPhase section */
		5251AFA724A281F100467E84 /* Embed Frameworks */ = {
			isa = PBXCopyFilesBuildPhase;
			buildActionMask = 2147483647;
			dstPath = "";
			dstSubfolderSpec = 10;
			files = (
				52EB81CD24B9ECE4003285BC /* RxSwift.framework in Embed Frameworks */,
				52EB81CA24B9ECE0003285BC /* RxCocoa.framework in Embed Frameworks */,
				5222B68924C7594C000BEE13 /* Differentiator.framework in Embed Frameworks */,
				52597DC624BB8FC9005A922F /* RxGesture.framework in Embed Frameworks */,
				523A67BF24C2C6FB0008E8AF /* RxDataSources.framework in Embed Frameworks */,
				5251AFA424A281F100467E84 /* Alamofire.framework in Embed Frameworks */,
				5251AFA624A281F100467E84 /* SnapKit.framework in Embed Frameworks */,
				52EB81D024B9ED02003285BC /* RxRelay.framework in Embed Frameworks */,
			);
			name = "Embed Frameworks";
			runOnlyForDeploymentPostprocessing = 0;
		};
/* End PBXCopyFilesBuildPhase section */

/* Begin PBXFileReference section */
		5210399624C4D673004560FD /* SelectIssueViewController.swift */ = {isa = PBXFileReference; lastKnownFileType = sourcecode.swift; path = SelectIssueViewController.swift; sourceTree = "<group>"; };
		5210399824C4D688004560FD /* SelectIssueViewModel.swift */ = {isa = PBXFileReference; lastKnownFileType = sourcecode.swift; path = SelectIssueViewModel.swift; sourceTree = "<group>"; };
		5211B9E724BEE0B000D4FA5E /* ChooseViewModel.swift */ = {isa = PBXFileReference; lastKnownFileType = sourcecode.swift; path = ChooseViewModel.swift; sourceTree = "<group>"; };
		521E649A24F8433D00FF96ED /* en */ = {isa = PBXFileReference; lastKnownFileType = text.plist.strings; name = en; path = en.lproj/Localizable.strings; sourceTree = "<group>"; };
		521E649C24F8434100FF96ED /* ru */ = {isa = PBXFileReference; lastKnownFileType = text.plist.strings; name = ru; path = ru.lproj/Localizable.strings; sourceTree = "<group>"; };
		521E64A924F8480600FF96ED /* sf-ui-display-regular.ttf */ = {isa = PBXFileReference; lastKnownFileType = file; path = "sf-ui-display-regular.ttf"; sourceTree = "<group>"; };
		521E64AD24F849CC00FF96ED /* Saira-Light.ttf */ = {isa = PBXFileReference; lastKnownFileType = file; path = "Saira-Light.ttf"; sourceTree = "<group>"; };
		521E64AE24F849CC00FF96ED /* Saira-Regular.ttf */ = {isa = PBXFileReference; lastKnownFileType = file; path = "Saira-Regular.ttf"; sourceTree = "<group>"; };
		521E64AF24F849CC00FF96ED /* Saira-Bold.ttf */ = {isa = PBXFileReference; lastKnownFileType = file; path = "Saira-Bold.ttf"; sourceTree = "<group>"; };
		521E64B524F84B0200FF96ED /* FontHelper.swift */ = {isa = PBXFileReference; lastKnownFileType = sourcecode.swift; path = FontHelper.swift; sourceTree = "<group>"; };
		521E64BC24F8F77900FF96ED /* Base */ = {isa = PBXFileReference; lastKnownFileType = text.plist.xml; name = Base; path = Base.lproj/Info.plist; sourceTree = "<group>"; };
		521E64BE24F8F77E00FF96ED /* en */ = {isa = PBXFileReference; lastKnownFileType = text.plist.xml; name = en; path = en.lproj/Info.plist; sourceTree = "<group>"; };
		521E64BF24F8F77F00FF96ED /* ru */ = {isa = PBXFileReference; lastKnownFileType = text.plist.xml; name = ru; path = ru.lproj/Info.plist; sourceTree = "<group>"; };
		521E64C124F8F7EA00FF96ED /* Default-568h@2x.png */ = {isa = PBXFileReference; lastKnownFileType = image.png; path = "Default-568h@2x.png"; sourceTree = "<group>"; };
		521E64C624F8FB7700FF96ED /* Base */ = {isa = PBXFileReference; lastKnownFileType = file.storyboard; name = Base; path = Base.lproj/LaunchScreen.storyboard; sourceTree = "<group>"; };
		521E64CE24FBCF0E00FF96ED /* UIScreen+iPhoneType.swift */ = {isa = PBXFileReference; lastKnownFileType = sourcecode.swift; path = "UIScreen+iPhoneType.swift"; sourceTree = "<group>"; };
		52212F8224FFDD24003FA67E /* ForgotPasswordViewController.swift */ = {isa = PBXFileReference; lastKnownFileType = sourcecode.swift; path = ForgotPasswordViewController.swift; sourceTree = "<group>"; };
		52212F8424FFDD41003FA67E /* ForgotPasswordViewModel.swift */ = {isa = PBXFileReference; lastKnownFileType = sourcecode.swift; path = ForgotPasswordViewModel.swift; sourceTree = "<group>"; };
		522272C32504BF6C0029A4E2 /* FilterButtonView.swift */ = {isa = PBXFileReference; lastKnownFileType = sourcecode.swift; path = FilterButtonView.swift; sourceTree = "<group>"; };
		522272D72504C54D0029A4E2 /* CoreDataManager.swift */ = {isa = PBXFileReference; lastKnownFileType = sourcecode.swift; path = CoreDataManager.swift; sourceTree = "<group>"; };
		522272DC2504C6B20029A4E2 /* LocalStorageService.swift */ = {isa = PBXFileReference; lastKnownFileType = sourcecode.swift; path = LocalStorageService.swift; sourceTree = "<group>"; };
		522272E32504C9470029A4E2 /* GuardDataModel.xcdatamodel */ = {isa = PBXFileReference; lastKnownFileType = wrapper.xcdatamodel; path = GuardDataModel.xcdatamodel; sourceTree = "<group>"; };
		5222B68524C75609000BEE13 /* UITableViewCell+Identifier.swift */ = {isa = PBXFileReference; lastKnownFileType = sourcecode.swift; path = "UITableViewCell+Identifier.swift"; sourceTree = "<group>"; };
		5222B68724C7594C000BEE13 /* Differentiator.framework */ = {isa = PBXFileReference; lastKnownFileType = wrapper.framework; name = Differentiator.framework; path = Carthage/Build/iOS/Differentiator.framework; sourceTree = "<group>"; };
		5222B68B24C75AB3000BEE13 /* SelectIssueTableViewCell.swift */ = {isa = PBXFileReference; lastKnownFileType = sourcecode.swift; path = SelectIssueTableViewCell.swift; sourceTree = "<group>"; };
		5222B68D24C75DC2000BEE13 /* SelectIssueCellViewModel.swift */ = {isa = PBXFileReference; lastKnownFileType = sourcecode.swift; path = SelectIssueCellViewModel.swift; sourceTree = "<group>"; };
		5222B69024C7616F000BEE13 /* SelectIssueDataSource.swift */ = {isa = PBXFileReference; lastKnownFileType = sourcecode.swift; path = SelectIssueDataSource.swift; sourceTree = "<group>"; };
		5222B69324C761C3000BEE13 /* TableViewItem.swift */ = {isa = PBXFileReference; lastKnownFileType = sourcecode.swift; path = TableViewItem.swift; sourceTree = "<group>"; };
		5222B69524C761D6000BEE13 /* TableViewSection.swift */ = {isa = PBXFileReference; lastKnownFileType = sourcecode.swift; path = TableViewSection.swift; sourceTree = "<group>"; };
		5235F286250CB6EA00639FC4 /* AppealCreatingViewController.swift */ = {isa = PBXFileReference; lastKnownFileType = sourcecode.swift; path = AppealCreatingViewController.swift; sourceTree = "<group>"; };
		5235F288250CB7A400639FC4 /* AppealCreatingViewModel.swift */ = {isa = PBXFileReference; lastKnownFileType = sourcecode.swift; path = AppealCreatingViewModel.swift; sourceTree = "<group>"; };
		523A67BD24C2C6FA0008E8AF /* RxDataSources.framework */ = {isa = PBXFileReference; lastKnownFileType = wrapper.framework; name = RxDataSources.framework; path = Carthage/Build/iOS/RxDataSources.framework; sourceTree = "<group>"; };
		523FF71524BD7EAB00C4F959 /* RegistrationViewModel.swift */ = {isa = PBXFileReference; lastKnownFileType = sourcecode.swift; path = RegistrationViewModel.swift; sourceTree = "<group>"; };
		523FF71824BD970A00C4F959 /* BackButtonView.swift */ = {isa = PBXFileReference; lastKnownFileType = sourcecode.swift; path = BackButtonView.swift; sourceTree = "<group>"; };
		52483B9124A2774E0003A56A /* Guard.app */ = {isa = PBXFileReference; explicitFileType = wrapper.application; includeInIndex = 0; path = Guard.app; sourceTree = BUILT_PRODUCTS_DIR; };
		52483B9424A2774E0003A56A /* AppDelegate.swift */ = {isa = PBXFileReference; lastKnownFileType = sourcecode.swift; name = AppDelegate.swift; path = ../../AppDelegate.swift; sourceTree = "<group>"; };
		52483B9D24A2774F0003A56A /* Assets.xcassets */ = {isa = PBXFileReference; lastKnownFileType = folder.assetcatalog; path = Assets.xcassets; sourceTree = "<group>"; };
		52483BB224A279E40003A56A /* BaseCoordinator.swift */ = {isa = PBXFileReference; lastKnownFileType = sourcecode.swift; path = BaseCoordinator.swift; sourceTree = "<group>"; };
		52483BB424A279FC0003A56A /* ApplicationCoordinator.swift */ = {isa = PBXFileReference; lastKnownFileType = sourcecode.swift; path = ApplicationCoordinator.swift; sourceTree = "<group>"; };
		52483BB624A27A120003A56A /* MainCoordinator.swift */ = {isa = PBXFileReference; lastKnownFileType = sourcecode.swift; path = MainCoordinator.swift; sourceTree = "<group>"; };
		5251AFA124A281F100467E84 /* Alamofire.framework */ = {isa = PBXFileReference; lastKnownFileType = wrapper.framework; name = Alamofire.framework; path = Carthage/Build/iOS/Alamofire.framework; sourceTree = "<group>"; };
		5251AFA224A281F100467E84 /* SnapKit.framework */ = {isa = PBXFileReference; lastKnownFileType = wrapper.framework; name = SnapKit.framework; path = Carthage/Build/iOS/SnapKit.framework; sourceTree = "<group>"; };
		5251AFA924A2823200467E84 /* AuthViewController.swift */ = {isa = PBXFileReference; lastKnownFileType = sourcecode.swift; path = AuthViewController.swift; sourceTree = "<group>"; };
		5251AFAF24A2829200467E84 /* Colors.swift */ = {isa = PBXFileReference; lastKnownFileType = sourcecode.swift; path = Colors.swift; sourceTree = "<group>"; };
		5251AFB124A2837D00467E84 /* AuthCoordinator.swift */ = {isa = PBXFileReference; lastKnownFileType = sourcecode.swift; path = AuthCoordinator.swift; sourceTree = "<group>"; };
		5251AFB324A283B000467E84 /* Constants.swift */ = {isa = PBXFileReference; lastKnownFileType = sourcecode.swift; path = Constants.swift; sourceTree = "<group>"; };
		5251AFB624A2853A00467E84 /* NavigationController.swift */ = {isa = PBXFileReference; lastKnownFileType = sourcecode.swift; path = NavigationController.swift; sourceTree = "<group>"; };
		5251AFB924A287CB00467E84 /* TextField.swift */ = {isa = PBXFileReference; lastKnownFileType = sourcecode.swift; path = TextField.swift; sourceTree = "<group>"; };
		5251AFBC24A28B2100467E84 /* ConfirmButton.swift */ = {isa = PBXFileReference; lastKnownFileType = sourcecode.swift; path = ConfirmButton.swift; sourceTree = "<group>"; };
		5251AFC124A28FBC00467E84 /* String+Localizable.swift */ = {isa = PBXFileReference; lastKnownFileType = sourcecode.swift; path = "String+Localizable.swift"; sourceTree = "<group>"; };
		52524E6024FED0E30078AA62 /* SkipButtonView.swift */ = {isa = PBXFileReference; lastKnownFileType = sourcecode.swift; path = SkipButtonView.swift; sourceTree = "<group>"; };
		5253753024B84CFC00CC729C /* ChooseCoordinator.swift */ = {isa = PBXFileReference; lastKnownFileType = sourcecode.swift; path = ChooseCoordinator.swift; sourceTree = "<group>"; };
		5253753224B84D5200CC729C /* ChooseViewController.swift */ = {isa = PBXFileReference; lastKnownFileType = sourcecode.swift; path = ChooseViewController.swift; sourceTree = "<group>"; };
		5253753624B84F0200CC729C /* UserProfile.swift */ = {isa = PBXFileReference; lastKnownFileType = sourcecode.swift; path = UserProfile.swift; sourceTree = "<group>"; };
		52597DC424BB8FC9005A922F /* RxGesture.framework */ = {isa = PBXFileReference; lastKnownFileType = wrapper.framework; name = RxGesture.framework; path = Carthage/Build/iOS/RxGesture.framework; sourceTree = "<group>"; };
		525BFA6825097402005393B1 /* sf-ui-display-light.ttf */ = {isa = PBXFileReference; lastKnownFileType = file; path = "sf-ui-display-light.ttf"; sourceTree = "<group>"; };
		525BFA6A250A0279005393B1 /* ClientAppealDataSource.swift */ = {isa = PBXFileReference; lastKnownFileType = sourcecode.swift; path = ClientAppealDataSource.swift; sourceTree = "<group>"; };
		525BFA73250A0723005393B1 /* Date+TimeStamp.swift */ = {isa = PBXFileReference; lastKnownFileType = sourcecode.swift; path = "Date+TimeStamp.swift"; sourceTree = "<group>"; };
		525BFA75250A080D005393B1 /* ClientAppealObject+CoreDataClass.swift */ = {isa = PBXFileReference; lastKnownFileType = sourcecode.swift; path = "ClientAppealObject+CoreDataClass.swift"; sourceTree = "<group>"; };
		525BFA76250A080D005393B1 /* ClientAppealObject+CoreDataProperties.swift */ = {isa = PBXFileReference; lastKnownFileType = sourcecode.swift; path = "ClientAppealObject+CoreDataProperties.swift"; sourceTree = "<group>"; };
		52760C492501731C00080152 /* LawyersListViewController.swift */ = {isa = PBXFileReference; lastKnownFileType = sourcecode.swift; path = LawyersListViewController.swift; sourceTree = "<group>"; };
		52760C4B2501736600080152 /* LawyersListViewModel.swift */ = {isa = PBXFileReference; lastKnownFileType = sourcecode.swift; path = LawyersListViewModel.swift; sourceTree = "<group>"; };
		527880CC25080FB800EB2B9B /* UserProfileObject+CoreDataClass.swift */ = {isa = PBXFileReference; lastKnownFileType = sourcecode.swift; path = "UserProfileObject+CoreDataClass.swift"; sourceTree = "<group>"; };
		527880CD25080FB800EB2B9B /* UserProfileObject+CoreDataProperties.swift */ = {isa = PBXFileReference; lastKnownFileType = sourcecode.swift; path = "UserProfileObject+CoreDataProperties.swift"; sourceTree = "<group>"; };
		527880D0250812B200EB2B9B /* sf-ui-display-medium.ttf */ = {isa = PBXFileReference; lastKnownFileType = file; path = "sf-ui-display-medium.ttf"; sourceTree = "<group>"; };
		527880D12508130700EB2B9B /* sf-ui-display-bold.ttf */ = {isa = PBXFileReference; lastKnownFileType = file; path = "sf-ui-display-bold.ttf"; sourceTree = "<group>"; };
		52901BE72501002400271CAC /* ClientIssue.swift */ = {isa = PBXFileReference; lastKnownFileType = sourcecode.swift; path = ClientIssue.swift; sourceTree = "<group>"; };
		52A271AF2508E44C0050FB60 /* Saira-Medium.ttf */ = {isa = PBXFileReference; lastKnownFileType = file; path = "Saira-Medium.ttf"; sourceTree = "<group>"; };
		52A271B12508E4940050FB60 /* Saira-SemiBold.ttf */ = {isa = PBXFileReference; lastKnownFileType = file; path = "Saira-SemiBold.ttf"; sourceTree = "<group>"; };
		52A271B42508ED230050FB60 /* ClientAppealsListViewController.swift */ = {isa = PBXFileReference; lastKnownFileType = sourcecode.swift; path = ClientAppealsListViewController.swift; sourceTree = "<group>"; };
		52A271B62508F0690050FB60 /* ClientAppealsListViewModel.swift */ = {isa = PBXFileReference; lastKnownFileType = sourcecode.swift; path = ClientAppealsListViewModel.swift; sourceTree = "<group>"; };
		52A271B82508F27A0050FB60 /* AddButtonView.swift */ = {isa = PBXFileReference; lastKnownFileType = sourcecode.swift; path = AddButtonView.swift; sourceTree = "<group>"; };
		52A271BD2508F94A0050FB60 /* ClientAppealCell.swift */ = {isa = PBXFileReference; lastKnownFileType = sourcecode.swift; path = ClientAppealCell.swift; sourceTree = "<group>"; };
		52A271BF2508F9AC0050FB60 /* ClientAppealCellViewModel.swift */ = {isa = PBXFileReference; lastKnownFileType = sourcecode.swift; path = ClientAppealCellViewModel.swift; sourceTree = "<group>"; };
		52A271C12508FA4E0050FB60 /* ClientAppeal.swift */ = {isa = PBXFileReference; lastKnownFileType = sourcecode.swift; path = ClientAppeal.swift; sourceTree = "<group>"; };
		52AF28E52506145D00287A8F /* LawyerCell.swift */ = {isa = PBXFileReference; lastKnownFileType = sourcecode.swift; path = LawyerCell.swift; sourceTree = "<group>"; };
		52AF28E72506168B00287A8F /* LawyerCellViewModel.swift */ = {isa = PBXFileReference; lastKnownFileType = sourcecode.swift; path = LawyerCellViewModel.swift; sourceTree = "<group>"; };
		52AF28EA2506195800287A8F /* LawyersListDataSource.swift */ = {isa = PBXFileReference; lastKnownFileType = sourcecode.swift; path = LawyersListDataSource.swift; sourceTree = "<group>"; };
		52B278C724C09621001E7295 /* Dependencies.swift */ = {isa = PBXFileReference; lastKnownFileType = sourcecode.swift; path = Dependencies.swift; sourceTree = "<group>"; };
		52B278C924C0964F001E7295 /* LocationService.swift */ = {isa = PBXFileReference; lastKnownFileType = sourcecode.swift; path = LocationService.swift; sourceTree = "<group>"; };
		52C5F4C324C9D90D00FB2DA8 /* ProfileViewController.swift */ = {isa = PBXFileReference; lastKnownFileType = sourcecode.swift; path = ProfileViewController.swift; sourceTree = "<group>"; };
		52C5F4C524C9D92200FB2DA8 /* ProfileViewModel.swift */ = {isa = PBXFileReference; lastKnownFileType = sourcecode.swift; path = ProfileViewModel.swift; sourceTree = "<group>"; };
		52E3D4E224C8AB4200FD67C9 /* TabBarController.swift */ = {isa = PBXFileReference; lastKnownFileType = sourcecode.swift; path = TabBarController.swift; sourceTree = "<group>"; };
		52EB81BC24B9DCCE003285BC /* RegistrationCoordinator.swift */ = {isa = PBXFileReference; lastKnownFileType = sourcecode.swift; path = RegistrationCoordinator.swift; sourceTree = "<group>"; };
		52EB81BF24B9DD72003285BC /* RegistrationViewController.swift */ = {isa = PBXFileReference; lastKnownFileType = sourcecode.swift; path = RegistrationViewController.swift; sourceTree = "<group>"; };
		52EB81C224B9E7E5003285BC /* ViewModel.swift */ = {isa = PBXFileReference; lastKnownFileType = sourcecode.swift; path = ViewModel.swift; sourceTree = "<group>"; };
		52EB81C424B9E820003285BC /* AuthViewModel.swift */ = {isa = PBXFileReference; lastKnownFileType = sourcecode.swift; path = AuthViewModel.swift; sourceTree = "<group>"; };
		52EB81C624B9E882003285BC /* ViewControllerProtocol.swift */ = {isa = PBXFileReference; lastKnownFileType = sourcecode.swift; path = ViewControllerProtocol.swift; sourceTree = "<group>"; };
		52EB81C824B9ECDF003285BC /* RxCocoa.framework */ = {isa = PBXFileReference; lastKnownFileType = wrapper.framework; name = RxCocoa.framework; path = Carthage/Build/iOS/RxCocoa.framework; sourceTree = "<group>"; };
		52EB81CB24B9ECE4003285BC /* RxSwift.framework */ = {isa = PBXFileReference; lastKnownFileType = wrapper.framework; name = RxSwift.framework; path = Carthage/Build/iOS/RxSwift.framework; sourceTree = "<group>"; };
		52EB81CE24B9ED02003285BC /* RxRelay.framework */ = {isa = PBXFileReference; lastKnownFileType = wrapper.framework; name = RxRelay.framework; path = Carthage/Build/iOS/RxRelay.framework; sourceTree = "<group>"; };
		52EB81D224B9F245003285BC /* String+withoutExtraSpaces.swift */ = {isa = PBXFileReference; lastKnownFileType = sourcecode.swift; path = "String+withoutExtraSpaces.swift"; sourceTree = "<group>"; };
		52EB81D424B9F2D1003285BC /* String+isvalidEmail.swift */ = {isa = PBXFileReference; lastKnownFileType = sourcecode.swift; path = "String+isvalidEmail.swift"; sourceTree = "<group>"; };
		52FFF4A4250B85D100957356 /* ClientAppealsListRouter.swift */ = {isa = PBXFileReference; lastKnownFileType = sourcecode.swift; path = ClientAppealsListRouter.swift; sourceTree = "<group>"; };
		52FFF4A6250B873800957356 /* ClientAppealsListModuleFactory.swift */ = {isa = PBXFileReference; lastKnownFileType = sourcecode.swift; path = ClientAppealsListModuleFactory.swift; sourceTree = "<group>"; };
/* End PBXFileReference section */

/* Begin PBXFrameworksBuildPhase section */
		52483B8E24A2774E0003A56A /* Frameworks */ = {
			isa = PBXFrameworksBuildPhase;
			buildActionMask = 2147483647;
			files = (
				52EB81CC24B9ECE4003285BC /* RxSwift.framework in Frameworks */,
				52EB81C924B9ECE0003285BC /* RxCocoa.framework in Frameworks */,
				5222B68824C7594C000BEE13 /* Differentiator.framework in Frameworks */,
				52597DC524BB8FC9005A922F /* RxGesture.framework in Frameworks */,
				523A67BE24C2C6FB0008E8AF /* RxDataSources.framework in Frameworks */,
				5251AFA324A281F100467E84 /* Alamofire.framework in Frameworks */,
				5251AFA524A281F100467E84 /* SnapKit.framework in Frameworks */,
				52EB81CF24B9ED02003285BC /* RxRelay.framework in Frameworks */,
			);
			runOnlyForDeploymentPostprocessing = 0;
		};
/* End PBXFrameworksBuildPhase section */

/* Begin PBXGroup section */
		5210399524C4D612004560FD /* SelectIssue */ = {
			isa = PBXGroup;
			children = (
				5222B68F24C7615B000BEE13 /* DataSource */,
				5222B68A24C75A94000BEE13 /* Cell */,
				5210399624C4D673004560FD /* SelectIssueViewController.swift */,
				5210399824C4D688004560FD /* SelectIssueViewModel.swift */,
			);
			path = SelectIssue;
			sourceTree = "<group>";
		};
		521E64A424F8465900FF96ED /* Localizable */ = {
			isa = PBXGroup;
			children = (
				521E649B24F8433D00FF96ED /* Localizable.strings */,
			);
			path = Localizable;
			sourceTree = "<group>";
		};
		521E64A524F846A800FF96ED /* Fonts */ = {
			isa = PBXGroup;
			children = (
				521E64AB24F849AA00FF96ED /* Saira */,
				521E64A624F8470D00FF96ED /* SF */,
			);
			path = Fonts;
			sourceTree = "<group>";
		};
		521E64A624F8470D00FF96ED /* SF */ = {
			isa = PBXGroup;
			children = (
				521E64A924F8480600FF96ED /* sf-ui-display-regular.ttf */,
				527880D0250812B200EB2B9B /* sf-ui-display-medium.ttf */,
				527880D12508130700EB2B9B /* sf-ui-display-bold.ttf */,
				525BFA6825097402005393B1 /* sf-ui-display-light.ttf */,
			);
			path = SF;
			sourceTree = "<group>";
		};
		521E64AB24F849AA00FF96ED /* Saira */ = {
			isa = PBXGroup;
			children = (
				521E64AF24F849CC00FF96ED /* Saira-Bold.ttf */,
				521E64AD24F849CC00FF96ED /* Saira-Light.ttf */,
				52A271AF2508E44C0050FB60 /* Saira-Medium.ttf */,
				52A271B12508E4940050FB60 /* Saira-SemiBold.ttf */,
				521E64AE24F849CC00FF96ED /* Saira-Regular.ttf */,
			);
			path = Saira;
			sourceTree = "<group>";
		};
		521E64B424F84AE600FF96ED /* FontHelper */ = {
			isa = PBXGroup;
			children = (
				521E64B524F84B0200FF96ED /* FontHelper.swift */,
			);
			path = FontHelper;
			sourceTree = "<group>";
		};
		521E64CD24FBCEEF00FF96ED /* UIScreen */ = {
			isa = PBXGroup;
			children = (
				521E64CE24FBCF0E00FF96ED /* UIScreen+iPhoneType.swift */,
			);
			path = UIScreen;
			sourceTree = "<group>";
		};
		52212F8124FFDCE0003FA67E /* ForgotPassword */ = {
			isa = PBXGroup;
			children = (
				52212F8224FFDD24003FA67E /* ForgotPasswordViewController.swift */,
				52212F8424FFDD41003FA67E /* ForgotPasswordViewModel.swift */,
			);
			path = ForgotPassword;
			sourceTree = "<group>";
		};
		522272C22504BF2A0029A4E2 /* FilterButton */ = {
			isa = PBXGroup;
			children = (
				522272C32504BF6C0029A4E2 /* FilterButtonView.swift */,
			);
			path = FilterButton;
			sourceTree = "<group>";
		};
		522272D62504C52E0029A4E2 /* CoreDataManager */ = {
			isa = PBXGroup;
			children = (
				522272D72504C54D0029A4E2 /* CoreDataManager.swift */,
			);
			path = CoreDataManager;
			sourceTree = "<group>";
		};
		522272D92504C5C90029A4E2 /* DI */ = {
			isa = PBXGroup;
			children = (
				52B278C724C09621001E7295 /* Dependencies.swift */,
			);
			path = DI;
			sourceTree = "<group>";
		};
		522272DA2504C5D60029A4E2 /* Location */ = {
			isa = PBXGroup;
			children = (
				52B278C924C0964F001E7295 /* LocationService.swift */,
			);
			path = Location;
			sourceTree = "<group>";
		};
		522272DB2504C6000029A4E2 /* LocalStorageService */ = {
			isa = PBXGroup;
			children = (
				522272E12504C9140029A4E2 /* Models */,
				522272DC2504C6B20029A4E2 /* LocalStorageService.swift */,
			);
			path = LocalStorageService;
			sourceTree = "<group>";
		};
		522272E12504C9140029A4E2 /* Models */ = {
			isa = PBXGroup;
			children = (
				525BFA71250A0477005393B1 /* UserProfile */,
				525BFA70250A0468005393B1 /* ClientAppeal */,
				522272E22504C9470029A4E2 /* GuardDataModel.xcdatamodeld */,
			);
			path = Models;
			sourceTree = "<group>";
		};
		5222B68424C755E6000BEE13 /* UITableViewCell */ = {
			isa = PBXGroup;
			children = (
				5222B68524C75609000BEE13 /* UITableViewCell+Identifier.swift */,
			);
			path = UITableViewCell;
			sourceTree = "<group>";
		};
		5222B68A24C75A94000BEE13 /* Cell */ = {
			isa = PBXGroup;
			children = (
				5222B68B24C75AB3000BEE13 /* SelectIssueTableViewCell.swift */,
				5222B68D24C75DC2000BEE13 /* SelectIssueCellViewModel.swift */,
			);
			path = Cell;
			sourceTree = "<group>";
		};
		5222B68F24C7615B000BEE13 /* DataSource */ = {
			isa = PBXGroup;
			children = (
				5222B69024C7616F000BEE13 /* SelectIssueDataSource.swift */,
			);
			path = DataSource;
			sourceTree = "<group>";
		};
		5222B69224C761AF000BEE13 /* TableView */ = {
			isa = PBXGroup;
			children = (
				5222B69324C761C3000BEE13 /* TableViewItem.swift */,
				5222B69524C761D6000BEE13 /* TableViewSection.swift */,
			);
			path = TableView;
			sourceTree = "<group>";
		};
		522E5BE424A37C2F00879741 /* Views */ = {
			isa = PBXGroup;
			children = (
				52524E5F24FECF5E0078AA62 /* Buttons */,
				5251AFB524A2851200467E84 /* NavigationController */,
				52E3D4E124C8AB0E00FD67C9 /* TabBarController */,
				5251AFBB24A28AFC00467E84 /* ConfirmButton */,
				5251AFB824A287AD00467E84 /* TextField */,
			);
			path = Views;
			sourceTree = "<group>";
		};
		5235F285250CB6C600639FC4 /* AppealCreating */ = {
			isa = PBXGroup;
			children = (
				5235F286250CB6EA00639FC4 /* AppealCreatingViewController.swift */,
				5235F288250CB7A400639FC4 /* AppealCreatingViewModel.swift */,
			);
			path = AppealCreating;
			sourceTree = "<group>";
		};
		523FF71724BD96E800C4F959 /* BackButtonView */ = {
			isa = PBXGroup;
			children = (
				523FF71824BD970A00C4F959 /* BackButtonView.swift */,
			);
			path = BackButtonView;
			sourceTree = "<group>";
		};
		52483B8824A2774E0003A56A = {
			isa = PBXGroup;
			children = (
				521E64C124F8F7EA00FF96ED /* Default-568h@2x.png */,
				52483B9324A2774E0003A56A /* Guard */,
				52483B9224A2774E0003A56A /* Products */,
				5251AFA024A281F100467E84 /* Frameworks */,
			);
			sourceTree = "<group>";
		};
		52483B9224A2774E0003A56A /* Products */ = {
			isa = PBXGroup;
			children = (
				52483B9124A2774E0003A56A /* Guard.app */,
			);
			name = Products;
			sourceTree = "<group>";
		};
		52483B9324A2774E0003A56A /* Guard */ = {
			isa = PBXGroup;
			children = (
				52483BA824A278D30003A56A /* Core */,
				52483BAB24A279340003A56A /* Flows */,
				52483BAD24A279470003A56A /* Services */,
				5251AFAD24A2826C00467E84 /* Utils */,
				5251AFAB24A2825000467E84 /* Common */,
				52483BAA24A279160003A56A /* SupportingFiles */,
			);
			path = Guard;
			sourceTree = "<group>";
		};
		52483BA824A278D30003A56A /* Core */ = {
			isa = PBXGroup;
			children = (
				52483BB124A279CC0003A56A /* Coordinators */,
				52483BA924A278DB0003A56A /* App */,
			);
			path = Core;
			sourceTree = "<group>";
		};
		52483BA924A278DB0003A56A /* App */ = {
			isa = PBXGroup;
			children = (
				52483B9424A2774E0003A56A /* AppDelegate.swift */,
			);
			path = App;
			sourceTree = "<group>";
		};
		52483BAA24A279160003A56A /* SupportingFiles */ = {
			isa = PBXGroup;
			children = (
				521E64A524F846A800FF96ED /* Fonts */,
				521E64BD24F8F77900FF96ED /* Info.plist */,
				52483B9D24A2774F0003A56A /* Assets.xcassets */,
			);
			path = SupportingFiles;
			sourceTree = "<group>";
		};
		52483BAB24A279340003A56A /* Flows */ = {
			isa = PBXGroup;
			children = (
				52760C4425016BCD00080152 /* Common */,
				52C5F4C224C9D8F200FB2DA8 /* Profile */,
				52760C45250172A000080152 /* Lawyer */,
				52760C46250172CE00080152 /* Client */,
			);
			path = Flows;
			sourceTree = "<group>";
		};
		52483BAD24A279470003A56A /* Services */ = {
			isa = PBXGroup;
			children = (
				522272DB2504C6000029A4E2 /* LocalStorageService */,
				522272DA2504C5D60029A4E2 /* Location */,
				522272D92504C5C90029A4E2 /* DI */,
				522272D62504C52E0029A4E2 /* CoreDataManager */,
			);
			path = Services;
			sourceTree = "<group>";
		};
		52483BAE24A279760003A56A /* Launch */ = {
			isa = PBXGroup;
			children = (
				521E64C324F8FB6A00FF96ED /* LaunchScreen.storyboard */,
			);
			path = Launch;
			sourceTree = "<group>";
		};
		52483BB124A279CC0003A56A /* Coordinators */ = {
			isa = PBXGroup;
			children = (
				52483BB224A279E40003A56A /* BaseCoordinator.swift */,
				52483BB424A279FC0003A56A /* ApplicationCoordinator.swift */,
				5253753024B84CFC00CC729C /* ChooseCoordinator.swift */,
				52EB81BC24B9DCCE003285BC /* RegistrationCoordinator.swift */,
				5251AFB124A2837D00467E84 /* AuthCoordinator.swift */,
				52483BB624A27A120003A56A /* MainCoordinator.swift */,
			);
			path = Coordinators;
			sourceTree = "<group>";
		};
		5251AFA024A281F100467E84 /* Frameworks */ = {
			isa = PBXGroup;
			children = (
				5222B68724C7594C000BEE13 /* Differentiator.framework */,
				523A67BD24C2C6FA0008E8AF /* RxDataSources.framework */,
				52597DC424BB8FC9005A922F /* RxGesture.framework */,
				52EB81CE24B9ED02003285BC /* RxRelay.framework */,
				52EB81CB24B9ECE4003285BC /* RxSwift.framework */,
				52EB81C824B9ECDF003285BC /* RxCocoa.framework */,
				5251AFA124A281F100467E84 /* Alamofire.framework */,
				5251AFA224A281F100467E84 /* SnapKit.framework */,
			);
			name = Frameworks;
			sourceTree = "<group>";
		};
		5251AFA824A2821A00467E84 /* AuthViewController */ = {
			isa = PBXGroup;
			children = (
				5251AFA924A2823200467E84 /* AuthViewController.swift */,
				52EB81C424B9E820003285BC /* AuthViewModel.swift */,
			);
			path = AuthViewController;
			sourceTree = "<group>";
		};
		5251AFAB24A2825000467E84 /* Common */ = {
			isa = PBXGroup;
			children = (
				521E64A424F8465900FF96ED /* Localizable */,
				52EB81C124B9E7BC003285BC /* Base */,
				5253753524B84EEB00CC729C /* Models */,
				522E5BE424A37C2F00879741 /* Views */,
				5251AFC024A28FA400467E84 /* Extensions */,
				5251AFAC24A2825B00467E84 /* Constants */,
			);
			path = Common;
			sourceTree = "<group>";
		};
		5251AFAC24A2825B00467E84 /* Constants */ = {
			isa = PBXGroup;
			children = (
				5251AFB324A283B000467E84 /* Constants.swift */,
			);
			path = Constants;
			sourceTree = "<group>";
		};
		5251AFAD24A2826C00467E84 /* Utils */ = {
			isa = PBXGroup;
			children = (
				521E64B424F84AE600FF96ED /* FontHelper */,
				5251AFAF24A2829200467E84 /* Colors.swift */,
			);
			path = Utils;
			sourceTree = "<group>";
		};
		5251AFB524A2851200467E84 /* NavigationController */ = {
			isa = PBXGroup;
			children = (
				5251AFB624A2853A00467E84 /* NavigationController.swift */,
			);
			path = NavigationController;
			sourceTree = "<group>";
		};
		5251AFB824A287AD00467E84 /* TextField */ = {
			isa = PBXGroup;
			children = (
				5251AFB924A287CB00467E84 /* TextField.swift */,
			);
			path = TextField;
			sourceTree = "<group>";
		};
		5251AFBB24A28AFC00467E84 /* ConfirmButton */ = {
			isa = PBXGroup;
			children = (
				5251AFBC24A28B2100467E84 /* ConfirmButton.swift */,
			);
			path = ConfirmButton;
			sourceTree = "<group>";
		};
		5251AFC024A28FA400467E84 /* Extensions */ = {
			isa = PBXGroup;
			children = (
				525BFA72250A0712005393B1 /* Date */,
				521E64CD24FBCEEF00FF96ED /* UIScreen */,
				5222B68424C755E6000BEE13 /* UITableViewCell */,
				52EB81D124B9F223003285BC /* String */,
			);
			path = Extensions;
			sourceTree = "<group>";
		};
		52524E5E24FECF3A0078AA62 /* SkipButtonView */ = {
			isa = PBXGroup;
			children = (
				52524E6024FED0E30078AA62 /* SkipButtonView.swift */,
			);
			path = SkipButtonView;
			sourceTree = "<group>";
		};
		52524E5F24FECF5E0078AA62 /* Buttons */ = {
			isa = PBXGroup;
			children = (
				522272C22504BF2A0029A4E2 /* FilterButton */,
				523FF71724BD96E800C4F959 /* BackButtonView */,
				52524E5E24FECF3A0078AA62 /* SkipButtonView */,
				52A271BA2508F27E0050FB60 /* AddButton */,
			);
			path = Buttons;
			sourceTree = "<group>";
		};
		5253753424B84D5700CC729C /* Choose */ = {
			isa = PBXGroup;
			children = (
				5253753224B84D5200CC729C /* ChooseViewController.swift */,
				5211B9E724BEE0B000D4FA5E /* ChooseViewModel.swift */,
			);
			path = Choose;
			sourceTree = "<group>";
		};
		5253753524B84EEB00CC729C /* Models */ = {
			isa = PBXGroup;
			children = (
				5253753624B84F0200CC729C /* UserProfile.swift */,
				52901BE72501002400271CAC /* ClientIssue.swift */,
				52A271C12508FA4E0050FB60 /* ClientAppeal.swift */,
			);
			path = Models;
			sourceTree = "<group>";
		};
		525BFA70250A0468005393B1 /* ClientAppeal */ = {
			isa = PBXGroup;
			children = (
				525BFA75250A080D005393B1 /* ClientAppealObject+CoreDataClass.swift */,
				525BFA76250A080D005393B1 /* ClientAppealObject+CoreDataProperties.swift */,
			);
			path = ClientAppeal;
			sourceTree = "<group>";
		};
		525BFA71250A0477005393B1 /* UserProfile */ = {
			isa = PBXGroup;
			children = (
				527880CC25080FB800EB2B9B /* UserProfileObject+CoreDataClass.swift */,
				527880CD25080FB800EB2B9B /* UserProfileObject+CoreDataProperties.swift */,
			);
			path = UserProfile;
			sourceTree = "<group>";
		};
		525BFA72250A0712005393B1 /* Date */ = {
			isa = PBXGroup;
			children = (
				525BFA73250A0723005393B1 /* Date+TimeStamp.swift */,
			);
			path = Date;
			sourceTree = "<group>";
		};
		52760C4425016BCD00080152 /* Common */ = {
			isa = PBXGroup;
			children = (
				5210399524C4D612004560FD /* SelectIssue */,
				52483BAE24A279760003A56A /* Launch */,
				52EB81BE24B9DD5B003285BC /* Registration */,
				5251AFA824A2821A00467E84 /* AuthViewController */,
				5253753424B84D5700CC729C /* Choose */,
				52212F8124FFDCE0003FA67E /* ForgotPassword */,
			);
			path = Common;
			sourceTree = "<group>";
		};
		52760C45250172A000080152 /* Lawyer */ = {
			isa = PBXGroup;
			children = (
			);
			path = Lawyer;
			sourceTree = "<group>";
		};
		52760C46250172CE00080152 /* Client */ = {
			isa = PBXGroup;
			children = (
				52CC1344250B711100A7A39D /* CreateAppeal */,
				52760C48250172F200080152 /* LawyersList */,
				52A271B32508E6C40050FB60 /* ClientAppealsList */,
			);
			path = Client;
			sourceTree = "<group>";
		};
		52760C48250172F200080152 /* LawyersList */ = {
			isa = PBXGroup;
			children = (
				5235F285250CB6C600639FC4 /* AppealCreating */,
				52AF28E92506191D00287A8F /* DataSource */,
				52AF28E42506143200287A8F /* Cell */,
				52760C492501731C00080152 /* LawyersListViewController.swift */,
				52760C4B2501736600080152 /* LawyersListViewModel.swift */,
			);
			path = LawyersList;
			sourceTree = "<group>";
		};
		52A271B32508E6C40050FB60 /* ClientAppealsList */ = {
			isa = PBXGroup;
			children = (
				52A271BC2508F9230050FB60 /* DataSource */,
				52A271BB2508F91C0050FB60 /* Cell */,
				52A271B42508ED230050FB60 /* ClientAppealsListViewController.swift */,
				52A271B62508F0690050FB60 /* ClientAppealsListViewModel.swift */,
				52FFF4A4250B85D100957356 /* ClientAppealsListRouter.swift */,
				52FFF4A6250B873800957356 /* ClientAppealsListModuleFactory.swift */,
			);
			path = ClientAppealsList;
			sourceTree = "<group>";
		};
		52A271BA2508F27E0050FB60 /* AddButton */ = {
			isa = PBXGroup;
			children = (
				52A271B82508F27A0050FB60 /* AddButtonView.swift */,
			);
			path = AddButton;
			sourceTree = "<group>";
		};
		52A271BB2508F91C0050FB60 /* Cell */ = {
			isa = PBXGroup;
			children = (
				52A271BD2508F94A0050FB60 /* ClientAppealCell.swift */,
				52A271BF2508F9AC0050FB60 /* ClientAppealCellViewModel.swift */,
			);
			path = Cell;
			sourceTree = "<group>";
		};
		52A271BC2508F9230050FB60 /* DataSource */ = {
			isa = PBXGroup;
			children = (
				525BFA6A250A0279005393B1 /* ClientAppealDataSource.swift */,
			);
			path = DataSource;
			sourceTree = "<group>";
		};
		52AF28E42506143200287A8F /* Cell */ = {
			isa = PBXGroup;
			children = (
				52AF28E52506145D00287A8F /* LawyerCell.swift */,
				52AF28E72506168B00287A8F /* LawyerCellViewModel.swift */,
			);
			path = Cell;
			sourceTree = "<group>";
		};
		52AF28E92506191D00287A8F /* DataSource */ = {
			isa = PBXGroup;
			children = (
				52AF28EA2506195800287A8F /* LawyersListDataSource.swift */,
			);
			path = DataSource;
			sourceTree = "<group>";
		};
		52C5F4C224C9D8F200FB2DA8 /* Profile */ = {
			isa = PBXGroup;
			children = (
				52C5F4C324C9D90D00FB2DA8 /* ProfileViewController.swift */,
				52C5F4C524C9D92200FB2DA8 /* ProfileViewModel.swift */,
			);
			path = Profile;
			sourceTree = "<group>";
		};
		52CC1344250B711100A7A39D /* CreateAppeal */ = {
			isa = PBXGroup;
			children = (
				52CC1345250B712200A7A39D /* CreateAppealFirstStep */,
			);
			path = CreateAppeal;
			sourceTree = "<group>";
		};
		52CC1345250B712200A7A39D /* CreateAppealFirstStep */ = {
			isa = PBXGroup;
			children = (
			);
			path = CreateAppealFirstStep;
			sourceTree = "<group>";
		};
		52E3D4E124C8AB0E00FD67C9 /* TabBarController */ = {
			isa = PBXGroup;
			children = (
				52E3D4E224C8AB4200FD67C9 /* TabBarController.swift */,
			);
			path = TabBarController;
			sourceTree = "<group>";
		};
		52EB81BE24B9DD5B003285BC /* Registration */ = {
			isa = PBXGroup;
			children = (
				52EB81BF24B9DD72003285BC /* RegistrationViewController.swift */,
				523FF71524BD7EAB00C4F959 /* RegistrationViewModel.swift */,
			);
			path = Registration;
			sourceTree = "<group>";
		};
		52EB81C124B9E7BC003285BC /* Base */ = {
			isa = PBXGroup;
			children = (
				5222B69224C761AF000BEE13 /* TableView */,
				52EB81C224B9E7E5003285BC /* ViewModel.swift */,
				52EB81C624B9E882003285BC /* ViewControllerProtocol.swift */,
			);
			path = Base;
			sourceTree = "<group>";
		};
		52EB81D124B9F223003285BC /* String */ = {
			isa = PBXGroup;
			children = (
				5251AFC124A28FBC00467E84 /* String+Localizable.swift */,
				52EB81D224B9F245003285BC /* String+withoutExtraSpaces.swift */,
				52EB81D424B9F2D1003285BC /* String+isvalidEmail.swift */,
			);
			path = String;
			sourceTree = "<group>";
		};
/* End PBXGroup section */

/* Begin PBXNativeTarget section */
		52483B9024A2774E0003A56A /* Guard */ = {
			isa = PBXNativeTarget;
			buildConfigurationList = 52483BA524A2774F0003A56A /* Build configuration list for PBXNativeTarget "Guard" */;
			buildPhases = (
				52483B8D24A2774E0003A56A /* Sources */,
				52483B8E24A2774E0003A56A /* Frameworks */,
				52483B8F24A2774E0003A56A /* Resources */,
				5251AFA724A281F100467E84 /* Embed Frameworks */,
			);
			buildRules = (
			);
			dependencies = (
			);
			name = Guard;
			productName = Wheels;
			productReference = 52483B9124A2774E0003A56A /* Guard.app */;
			productType = "com.apple.product-type.application";
		};
/* End PBXNativeTarget section */

/* Begin PBXProject section */
		52483B8924A2774E0003A56A /* Project object */ = {
			isa = PBXProject;
			attributes = {
				LastSwiftUpdateCheck = 1130;
				LastUpgradeCheck = 1160;
				ORGANIZATIONNAME = ds;
				TargetAttributes = {
					52483B9024A2774E0003A56A = {
						CreatedOnToolsVersion = 11.3.1;
					};
				};
			};
			buildConfigurationList = 52483B8C24A2774E0003A56A /* Build configuration list for PBXProject "Guard" */;
			compatibilityVersion = "Xcode 9.3";
			developmentRegion = en;
			hasScannedForEncodings = 0;
			knownRegions = (
				en,
				Base,
				ru,
			);
			mainGroup = 52483B8824A2774E0003A56A;
			productRefGroup = 52483B9224A2774E0003A56A /* Products */;
			projectDirPath = "";
			projectRoot = "";
			targets = (
				52483B9024A2774E0003A56A /* Guard */,
			);
		};
/* End PBXProject section */

/* Begin PBXResourcesBuildPhase section */
		52483B8F24A2774E0003A56A /* Resources */ = {
			isa = PBXResourcesBuildPhase;
			buildActionMask = 2147483647;
			files = (
				521E64B324F849CC00FF96ED /* Saira-Bold.ttf in Resources */,
				525BFA6925097405005393B1 /* sf-ui-display-light.ttf in Resources */,
				521E64C224F8F7EA00FF96ED /* Default-568h@2x.png in Resources */,
				52A271B22508E4970050FB60 /* Saira-SemiBold.ttf in Resources */,
				52483B9E24A2774F0003A56A /* Assets.xcassets in Resources */,
				527880D32508141B00EB2B9B /* sf-ui-display-bold.ttf in Resources */,
				521E64C524F8FB6A00FF96ED /* LaunchScreen.storyboard in Resources */,
				521E64B224F849CC00FF96ED /* Saira-Regular.ttf in Resources */,
				521E64AA24F8480600FF96ED /* sf-ui-display-regular.ttf in Resources */,
				52A271B02508E45A0050FB60 /* Saira-Medium.ttf in Resources */,
				521E649924F8433D00FF96ED /* Localizable.strings in Resources */,
				521E64B124F849CC00FF96ED /* Saira-Light.ttf in Resources */,
				527880D22508141800EB2B9B /* sf-ui-display-medium.ttf in Resources */,
			);
			runOnlyForDeploymentPostprocessing = 0;
		};
/* End PBXResourcesBuildPhase section */

/* Begin PBXSourcesBuildPhase section */
		52483B8D24A2774E0003A56A /* Sources */ = {
			isa = PBXSourcesBuildPhase;
			buildActionMask = 2147483647;
			files = (
				5222B69624C761D6000BEE13 /* TableViewSection.swift in Sources */,
				527880CE25080FB800EB2B9B /* UserProfileObject+CoreDataClass.swift in Sources */,
				52EB81C524B9E820003285BC /* AuthViewModel.swift in Sources */,
				52FFF4A7250B873800957356 /* ClientAppealsListModuleFactory.swift in Sources */,
				52524E6124FED0E30078AA62 /* SkipButtonView.swift in Sources */,
				5251AFB724A2853A00467E84 /* NavigationController.swift in Sources */,
				52483B9524A2774E0003A56A /* AppDelegate.swift in Sources */,
				5210399724C4D673004560FD /* SelectIssueViewController.swift in Sources */,
				52212F8524FFDD41003FA67E /* ForgotPasswordViewModel.swift in Sources */,
				5222B69424C761C3000BEE13 /* TableViewItem.swift in Sources */,
				52AF28EB2506195800287A8F /* LawyersListDataSource.swift in Sources */,
				525BFA74250A0723005393B1 /* Date+TimeStamp.swift in Sources */,
				522272C42504BF6C0029A4E2 /* FilterButtonView.swift in Sources */,
				52EB81D524B9F2D1003285BC /* String+isvalidEmail.swift in Sources */,
				525BFA6B250A0279005393B1 /* ClientAppealDataSource.swift in Sources */,
				5251AFB024A2829200467E84 /* Colors.swift in Sources */,
				527880CF25080FB800EB2B9B /* UserProfileObject+CoreDataProperties.swift in Sources */,
				52FFF4A5250B85D100957356 /* ClientAppealsListRouter.swift in Sources */,
				5235F289250CB7A400639FC4 /* AppealCreatingViewModel.swift in Sources */,
				5222B68C24C75AB3000BEE13 /* SelectIssueTableViewCell.swift in Sources */,
				5251AFBA24A287CB00467E84 /* TextField.swift in Sources */,
				5222B68E24C75DC2000BEE13 /* SelectIssueCellViewModel.swift in Sources */,
				523FF71924BD970A00C4F959 /* BackButtonView.swift in Sources */,
				5211B9E824BEE0B000D4FA5E /* ChooseViewModel.swift in Sources */,
				52A271C22508FA4E0050FB60 /* ClientAppeal.swift in Sources */,
				5253753724B84F0200CC729C /* UserProfile.swift in Sources */,
				522272DD2504C6B20029A4E2 /* LocalStorageService.swift in Sources */,
				52C5F4C624C9D92200FB2DA8 /* ProfileViewModel.swift in Sources */,
				52483BB324A279E40003A56A /* BaseCoordinator.swift in Sources */,
				52EB81D324B9F245003285BC /* String+withoutExtraSpaces.swift in Sources */,
				52A271C02508F9AC0050FB60 /* ClientAppealCellViewModel.swift in Sources */,
				5222B69124C7616F000BEE13 /* SelectIssueDataSource.swift in Sources */,
				5251AFAA24A2823200467E84 /* AuthViewController.swift in Sources */,
				5253753124B84CFC00CC729C /* ChooseCoordinator.swift in Sources */,
				52B278CA24C0964F001E7295 /* LocationService.swift in Sources */,
				521E64CF24FBCF0E00FF96ED /* UIScreen+iPhoneType.swift in Sources */,
				52212F8324FFDD24003FA67E /* ForgotPasswordViewController.swift in Sources */,
				521E64B624F84B0200FF96ED /* FontHelper.swift in Sources */,
				525BFA78250A080D005393B1 /* ClientAppealObject+CoreDataProperties.swift in Sources */,
				52EB81BD24B9DCCE003285BC /* RegistrationCoordinator.swift in Sources */,
				52A271B52508ED230050FB60 /* ClientAppealsListViewController.swift in Sources */,
				5235F287250CB6EA00639FC4 /* AppealCreatingViewController.swift in Sources */,
				523FF71624BD7EAB00C4F959 /* RegistrationViewModel.swift in Sources */,
				5253753324B84D5200CC729C /* ChooseViewController.swift in Sources */,
				522272D82504C54D0029A4E2 /* CoreDataManager.swift in Sources */,
				52A271B72508F0690050FB60 /* ClientAppealsListViewModel.swift in Sources */,
				52EB81C324B9E7E5003285BC /* ViewModel.swift in Sources */,
				5222B68624C75609000BEE13 /* UITableViewCell+Identifier.swift in Sources */,
				52AF28E62506145D00287A8F /* LawyerCell.swift in Sources */,
				52A271BE2508F94A0050FB60 /* ClientAppealCell.swift in Sources */,
				5251AFBD24A28B2100467E84 /* ConfirmButton.swift in Sources */,
				525BFA77250A080D005393B1 /* ClientAppealObject+CoreDataClass.swift in Sources */,
				522272E42504C9470029A4E2 /* GuardDataModel.xcdatamodeld in Sources */,
				52EB81C024B9DD72003285BC /* RegistrationViewController.swift in Sources */,
				5251AFB424A283B000467E84 /* Constants.swift in Sources */,
				52760C4A2501731C00080152 /* LawyersListViewController.swift in Sources */,
				52E3D4E324C8AB4200FD67C9 /* TabBarController.swift in Sources */,
				52A271B92508F27A0050FB60 /* AddButtonView.swift in Sources */,
				52760C4C2501736600080152 /* LawyersListViewModel.swift in Sources */,
				52B278C824C09621001E7295 /* Dependencies.swift in Sources */,
				52483BB724A27A120003A56A /* MainCoordinator.swift in Sources */,
				52483BB524A279FC0003A56A /* ApplicationCoordinator.swift in Sources */,
				5210399924C4D688004560FD /* SelectIssueViewModel.swift in Sources */,
				52EB81C724B9E882003285BC /* ViewControllerProtocol.swift in Sources */,
				52C5F4C424C9D90D00FB2DA8 /* ProfileViewController.swift in Sources */,
				5251AFB224A2837D00467E84 /* AuthCoordinator.swift in Sources */,
				5251AFC224A28FBC00467E84 /* String+Localizable.swift in Sources */,
				52AF28E82506168B00287A8F /* LawyerCellViewModel.swift in Sources */,
				52901BE82501002400271CAC /* ClientIssue.swift in Sources */,
			);
			runOnlyForDeploymentPostprocessing = 0;
		};
/* End PBXSourcesBuildPhase section */

/* Begin PBXVariantGroup section */
		521E649B24F8433D00FF96ED /* Localizable.strings */ = {
			isa = PBXVariantGroup;
			children = (
				521E649A24F8433D00FF96ED /* en */,
				521E649C24F8434100FF96ED /* ru */,
			);
			name = Localizable.strings;
			sourceTree = "<group>";
		};
		521E64BD24F8F77900FF96ED /* Info.plist */ = {
			isa = PBXVariantGroup;
			children = (
				521E64BC24F8F77900FF96ED /* Base */,
				521E64BE24F8F77E00FF96ED /* en */,
				521E64BF24F8F77F00FF96ED /* ru */,
			);
			name = Info.plist;
			path = ..;
			sourceTree = "<group>";
		};
		521E64C324F8FB6A00FF96ED /* LaunchScreen.storyboard */ = {
			isa = PBXVariantGroup;
			children = (
				521E64C624F8FB7700FF96ED /* Base */,
			);
			name = LaunchScreen.storyboard;
			sourceTree = "<group>";
		};
/* End PBXVariantGroup section */

/* Begin XCBuildConfiguration section */
		52483BA324A2774F0003A56A /* Debug */ = {
			isa = XCBuildConfiguration;
			buildSettings = {
				ALWAYS_SEARCH_USER_PATHS = NO;
				BUILD_LIBRARY_FOR_DISTRIBUTION = YES;
				CLANG_ANALYZER_LOCALIZABILITY_NONLOCALIZED = YES;
				CLANG_ANALYZER_NONNULL = YES;
				CLANG_ANALYZER_NUMBER_OBJECT_CONVERSION = YES_AGGRESSIVE;
				CLANG_CXX_LANGUAGE_STANDARD = "gnu++14";
				CLANG_CXX_LIBRARY = "libc++";
				CLANG_ENABLE_MODULES = YES;
				CLANG_ENABLE_OBJC_ARC = YES;
				CLANG_ENABLE_OBJC_WEAK = YES;
				CLANG_WARN_BLOCK_CAPTURE_AUTORELEASING = YES;
				CLANG_WARN_BOOL_CONVERSION = YES;
				CLANG_WARN_COMMA = YES;
				CLANG_WARN_CONSTANT_CONVERSION = YES;
				CLANG_WARN_DEPRECATED_OBJC_IMPLEMENTATIONS = YES;
				CLANG_WARN_DIRECT_OBJC_ISA_USAGE = YES_ERROR;
				CLANG_WARN_DOCUMENTATION_COMMENTS = YES;
				CLANG_WARN_EMPTY_BODY = YES;
				CLANG_WARN_ENUM_CONVERSION = YES;
				CLANG_WARN_INFINITE_RECURSION = YES;
				CLANG_WARN_INT_CONVERSION = YES;
				CLANG_WARN_NON_LITERAL_NULL_CONVERSION = YES;
				CLANG_WARN_OBJC_IMPLICIT_RETAIN_SELF = YES;
				CLANG_WARN_OBJC_LITERAL_CONVERSION = YES;
				CLANG_WARN_OBJC_ROOT_CLASS = YES_ERROR;
				CLANG_WARN_RANGE_LOOP_ANALYSIS = YES;
				CLANG_WARN_STRICT_PROTOTYPES = YES;
				CLANG_WARN_SUSPICIOUS_MOVE = YES;
				CLANG_WARN_UNGUARDED_AVAILABILITY = YES_AGGRESSIVE;
				CLANG_WARN_UNREACHABLE_CODE = YES;
				CLANG_WARN__DUPLICATE_METHOD_MATCH = YES;
				COPY_PHASE_STRIP = NO;
				DEBUG_INFORMATION_FORMAT = dwarf;
				ENABLE_STRICT_OBJC_MSGSEND = YES;
				ENABLE_TESTABILITY = YES;
				GCC_C_LANGUAGE_STANDARD = gnu11;
				GCC_DYNAMIC_NO_PIC = NO;
				GCC_NO_COMMON_BLOCKS = YES;
				GCC_OPTIMIZATION_LEVEL = 0;
				GCC_PREPROCESSOR_DEFINITIONS = (
					"DEBUG=1",
					"$(inherited)",
				);
				GCC_WARN_64_TO_32_BIT_CONVERSION = YES;
				GCC_WARN_ABOUT_RETURN_TYPE = YES_ERROR;
				GCC_WARN_UNDECLARED_SELECTOR = YES;
				GCC_WARN_UNINITIALIZED_AUTOS = YES_AGGRESSIVE;
				GCC_WARN_UNUSED_FUNCTION = YES;
				GCC_WARN_UNUSED_VARIABLE = YES;
				IPHONEOS_DEPLOYMENT_TARGET = 13;
				MTL_ENABLE_DEBUG_INFO = INCLUDE_SOURCE;
				MTL_FAST_MATH = YES;
				ONLY_ACTIVE_ARCH = YES;
				SDKROOT = iphoneos;
				SWIFT_ACTIVE_COMPILATION_CONDITIONS = DEBUG;
				SWIFT_OPTIMIZATION_LEVEL = "-Onone";
				SWIFT_VERSION = 5.0;
			};
			name = Debug;
		};
		52483BA424A2774F0003A56A /* Release */ = {
			isa = XCBuildConfiguration;
			buildSettings = {
				ALWAYS_SEARCH_USER_PATHS = NO;
				BUILD_LIBRARY_FOR_DISTRIBUTION = YES;
				CLANG_ANALYZER_LOCALIZABILITY_NONLOCALIZED = YES;
				CLANG_ANALYZER_NONNULL = YES;
				CLANG_ANALYZER_NUMBER_OBJECT_CONVERSION = YES_AGGRESSIVE;
				CLANG_CXX_LANGUAGE_STANDARD = "gnu++14";
				CLANG_CXX_LIBRARY = "libc++";
				CLANG_ENABLE_MODULES = YES;
				CLANG_ENABLE_OBJC_ARC = YES;
				CLANG_ENABLE_OBJC_WEAK = YES;
				CLANG_WARN_BLOCK_CAPTURE_AUTORELEASING = YES;
				CLANG_WARN_BOOL_CONVERSION = YES;
				CLANG_WARN_COMMA = YES;
				CLANG_WARN_CONSTANT_CONVERSION = YES;
				CLANG_WARN_DEPRECATED_OBJC_IMPLEMENTATIONS = YES;
				CLANG_WARN_DIRECT_OBJC_ISA_USAGE = YES_ERROR;
				CLANG_WARN_DOCUMENTATION_COMMENTS = YES;
				CLANG_WARN_EMPTY_BODY = YES;
				CLANG_WARN_ENUM_CONVERSION = YES;
				CLANG_WARN_INFINITE_RECURSION = YES;
				CLANG_WARN_INT_CONVERSION = YES;
				CLANG_WARN_NON_LITERAL_NULL_CONVERSION = YES;
				CLANG_WARN_OBJC_IMPLICIT_RETAIN_SELF = YES;
				CLANG_WARN_OBJC_LITERAL_CONVERSION = YES;
				CLANG_WARN_OBJC_ROOT_CLASS = YES_ERROR;
				CLANG_WARN_RANGE_LOOP_ANALYSIS = YES;
				CLANG_WARN_STRICT_PROTOTYPES = YES;
				CLANG_WARN_SUSPICIOUS_MOVE = YES;
				CLANG_WARN_UNGUARDED_AVAILABILITY = YES_AGGRESSIVE;
				CLANG_WARN_UNREACHABLE_CODE = YES;
				CLANG_WARN__DUPLICATE_METHOD_MATCH = YES;
				COPY_PHASE_STRIP = NO;
				DEBUG_INFORMATION_FORMAT = "dwarf-with-dsym";
				ENABLE_NS_ASSERTIONS = NO;
				ENABLE_STRICT_OBJC_MSGSEND = YES;
				GCC_C_LANGUAGE_STANDARD = gnu11;
				GCC_NO_COMMON_BLOCKS = YES;
				GCC_WARN_64_TO_32_BIT_CONVERSION = YES;
				GCC_WARN_ABOUT_RETURN_TYPE = YES_ERROR;
				GCC_WARN_UNDECLARED_SELECTOR = YES;
				GCC_WARN_UNINITIALIZED_AUTOS = YES_AGGRESSIVE;
				GCC_WARN_UNUSED_FUNCTION = YES;
				GCC_WARN_UNUSED_VARIABLE = YES;
				IPHONEOS_DEPLOYMENT_TARGET = 13;
				MTL_ENABLE_DEBUG_INFO = NO;
				MTL_FAST_MATH = YES;
				SDKROOT = iphoneos;
				SWIFT_COMPILATION_MODE = wholemodule;
				SWIFT_OPTIMIZATION_LEVEL = "-O";
				SWIFT_VERSION = 5.0;
				VALIDATE_PRODUCT = YES;
			};
			name = Release;
		};
		52483BA624A2774F0003A56A /* Debug */ = {
			isa = XCBuildConfiguration;
			buildSettings = {
				ASSETCATALOG_COMPILER_APPICON_NAME = AppIcon;
				BUILD_LIBRARY_FOR_DISTRIBUTION = YES;
				CODE_SIGN_STYLE = Automatic;
				DEVELOPMENT_TEAM = 62UUS6482X;
				FRAMEWORK_SEARCH_PATHS = (
					"$(inherited)",
					"$(PROJECT_DIR)/Carthage/Build/iOS",
				);
				INFOPLIST_FILE = "$(SRCROOT)/Guard/Base.lproj/Info.plist";
				LD_RUNPATH_SEARCH_PATHS = (
					"$(inherited)",
					"@executable_path/Frameworks",
				);
				PRODUCT_BUNDLE_IDENTIFIER = com.ds.Guard;
				PRODUCT_NAME = "$(TARGET_NAME)";
				SWIFT_VERSION = 5.0;
				TARGETED_DEVICE_FAMILY = "1,2";
			};
			name = Debug;
		};
		52483BA724A2774F0003A56A /* Release */ = {
			isa = XCBuildConfiguration;
			buildSettings = {
				ASSETCATALOG_COMPILER_APPICON_NAME = AppIcon;
				BUILD_LIBRARY_FOR_DISTRIBUTION = YES;
				CODE_SIGN_STYLE = Automatic;
				DEVELOPMENT_TEAM = 62UUS6482X;
				FRAMEWORK_SEARCH_PATHS = (
					"$(inherited)",
					"$(PROJECT_DIR)/Carthage/Build/iOS",
				);
				INFOPLIST_FILE = "$(SRCROOT)/Guard/Base.lproj/Info.plist";
				LD_RUNPATH_SEARCH_PATHS = (
					"$(inherited)",
					"@executable_path/Frameworks",
				);
				PRODUCT_BUNDLE_IDENTIFIER = com.ds.Guard;
				PRODUCT_NAME = "$(TARGET_NAME)";
				SWIFT_VERSION = 5.0;
				TARGETED_DEVICE_FAMILY = "1,2";
			};
			name = Release;
		};
/* End XCBuildConfiguration section */

/* Begin XCConfigurationList section */
		52483B8C24A2774E0003A56A /* Build configuration list for PBXProject "Guard" */ = {
			isa = XCConfigurationList;
			buildConfigurations = (
				52483BA324A2774F0003A56A /* Debug */,
				52483BA424A2774F0003A56A /* Release */,
			);
			defaultConfigurationIsVisible = 0;
			defaultConfigurationName = Release;
		};
		52483BA524A2774F0003A56A /* Build configuration list for PBXNativeTarget "Guard" */ = {
			isa = XCConfigurationList;
			buildConfigurations = (
				52483BA624A2774F0003A56A /* Debug */,
				52483BA724A2774F0003A56A /* Release */,
			);
			defaultConfigurationIsVisible = 0;
			defaultConfigurationName = Release;
		};
/* End XCConfigurationList section */

/* Begin XCVersionGroup section */
		522272E22504C9470029A4E2 /* GuardDataModel.xcdatamodeld */ = {
			isa = XCVersionGroup;
			children = (
				522272E32504C9470029A4E2 /* GuardDataModel.xcdatamodel */,
			);
			currentVersion = 522272E32504C9470029A4E2 /* GuardDataModel.xcdatamodel */;
			path = GuardDataModel.xcdatamodeld;
			sourceTree = "<group>";
			versionGroupType = wrapper.xcdatamodel;
		};
/* End XCVersionGroup section */
	};
	rootObject = 52483B8924A2774E0003A56A /* Project object */;
}
